{
  "requires": true,
  "lockfileVersion": 1,
  "dependencies": {
    "csv-writer": {
      "version": "1.2.0",
      "resolved": "https://registry.npmjs.org/csv-writer/-/csv-writer-1.2.0.tgz",
      "integrity": "sha512-ZU7eZ26y7oIOXwFHhTNnT/tF6RXMdQnuTGofzNTe1cvXacZm3Ixd7Oa9mOp2f1t39Ezfzg0h5tqfOjXM180BOg=="
    }
  }
}
